
Microsoft Visual Studio Solution File, Format Version 12.00
# Visual Studio 15
VisualStudioVersion = 15.0.28307.106
MinimumVisualStudioVersion = 10.0.40219.1
Project("{FAE04EC0-301F-11D3-BF4B-00C04F79EFBC}") = "Nekretnine", "Nekretnine\Nekretnine.csproj", "{116672EE-109F-401B-A532-6FF234D83AB3}"
EndProject
Project("{FAE04EC0-301F-11D3-BF4B-00C04F79EFBC}") = "Agencija", "Agencija\Agencija.csproj", "{0D4EDE49-E96C-4AB8-810D-583F3973F12B}"
EndProject
Global
	GlobalSection(SolutionConfigurationPlatforms) = preSolution
		Debug|Any CPU = Debug|Any CPU
		Debug|x64 = Debug|x64
		Debug|x86 = Debug|x86
		Release|Any CPU = Release|Any CPU
		Release|x64 = Release|x64
		Release|x86 = Release|x86
	EndGlobalSection
	GlobalSection(ProjectConfigurationPlatforms) = postSolution
		{116672EE-109F-401B-A532-6FF234D83AB3}.Debug|Any CPU.ActiveCfg = Debug|Any CPU
		{116672EE-109F-401B-A532-6FF234D83AB3}.Debug|Any CPU.Build.0 = Debug|Any CPU
		{116672EE-109F-401B-A532-6FF234D83AB3}.Debug|x64.ActiveCfg = Debug|Any CPU
		{116672EE-109F-401B-A532-6FF234D83AB3}.Debug|x64.Build.0 = Debug|Any CPU
		{116672EE-109F-401B-A532-6FF234D83AB3}.Debug|x86.ActiveCfg = Debug|Any CPU
		{116672EE-109F-401B-A532-6FF234D83AB3}.Debug|x86.Build.0 = Debug|Any CPU
		{116672EE-109F-401B-A532-6FF234D83AB3}.Release|Any CPU.ActiveCfg = Release|Any CPU
		{116672EE-109F-401B-A532-6FF234D83AB3}.Release|Any CPU.Build.0 = Release|Any CPU
		{116672EE-109F-401B-A532-6FF234D83AB3}.Release|x64.ActiveCfg = Release|Any CPU
		{116672EE-109F-401B-A532-6FF234D83AB3}.Release|x64.Build.0 = Release|Any CPU
		{116672EE-109F-401B-A532-6FF234D83AB3}.Release|x86.ActiveCfg = Release|Any CPU
		{116672EE-109F-401B-A532-6FF234D83AB3}.Release|x86.Build.0 = Release|Any CPU
		{0D4EDE49-E96C-4AB8-810D-583F3973F12B}.Debug|Any CPU.ActiveCfg = Debug|Any CPU
		{0D4EDE49-E96C-4AB8-810D-583F3973F12B}.Debug|Any CPU.Build.0 = Debug|Any CPU
		{0D4EDE49-E96C-4AB8-810D-583F3973F12B}.Debug|x64.ActiveCfg = Debug|Any CPU
		{0D4EDE49-E96C-4AB8-810D-583F3973F12B}.Debug|x64.Build.0 = Debug|Any CPU
		{0D4EDE49-E96C-4AB8-810D-583F3973F12B}.Debug|x86.ActiveCfg = Debug|Any CPU
		{0D4EDE49-E96C-4AB8-810D-583F3973F12B}.Debug|x86.Build.0 = Debug|Any CPU
		{0D4EDE49-E96C-4AB8-810D-583F3973F12B}.Release|Any CPU.ActiveCfg = Release|Any CPU
		{0D4EDE49-E96C-4AB8-810D-583F3973F12B}.Release|Any CPU.Build.0 = Release|Any CPU
		{0D4EDE49-E96C-4AB8-810D-583F3973F12B}.Release|x64.ActiveCfg = Release|Any CPU
		{0D4EDE49-E96C-4AB8-810D-583F3973F12B}.Release|x64.Build.0 = Release|Any CPU
		{0D4EDE49-E96C-4AB8-810D-583F3973F12B}.Release|x86.ActiveCfg = Release|Any CPU
		{0D4EDE49-E96C-4AB8-810D-583F3973F12B}.Release|x86.Build.0 = Release|Any CPU
	EndGlobalSection
	GlobalSection(SolutionProperties) = preSolution
		HideSolutionNode = FALSE
	EndGlobalSection
	GlobalSection(ExtensibilityGlobals) = postSolution
		SolutionGuid = {420F37BF-1886-4365-806A-6F3950D0D60A}
	EndGlobalSection
EndGlobal
